{
  "pins" : [
    {
      "identity" : "flowstacks",
      "kind" : "remoteSourceControl",
      "location" : "https://github.com/johnpatrickmorgan/FlowStacks",
      "state" : {
        "revision" : "30132357d65b22281ea52e1456aa658390f34805",
        "version" : "0.2.0"
      }
    }
  ],
  "version" : 2
}
